
Microsoft Visual Studio Solution File, Format Version 12.00
# Visual Studio Version 16
VisualStudioVersion = 16.0.30114.105
MinimumVisualStudioVersion = 10.0.40219.1
Project("{FAE04EC0-301F-11D3-BF4B-00C04F79EFBC}") = "projekt_programowanie", "projekt_programowanie\projekt_programowanie.csproj", "{606AD3FE-1441-4EF5-A16C-3E0B01E26D1C}"
EndProject
Project("{FAE04EC0-301F-11D3-BF4B-00C04F79EFBC}") = "UnitTestProject", "UnitTestProject\UnitTestProject.csproj", "{08A00338-94AF-44F1-B5E2-2E60533F67D4}"
EndProject
Global
	GlobalSection(SolutionConfigurationPlatforms) = preSolution
		Debug|Any CPU = Debug|Any CPU
		Release|Any CPU = Release|Any CPU
	EndGlobalSection
	GlobalSection(ProjectConfigurationPlatforms) = postSolution
		{606AD3FE-1441-4EF5-A16C-3E0B01E26D1C}.Debug|Any CPU.ActiveCfg = Debug|Any CPU
		{606AD3FE-1441-4EF5-A16C-3E0B01E26D1C}.Debug|Any CPU.Build.0 = Debug|Any CPU
		{606AD3FE-1441-4EF5-A16C-3E0B01E26D1C}.Release|Any CPU.ActiveCfg = Release|Any CPU
		{606AD3FE-1441-4EF5-A16C-3E0B01E26D1C}.Release|Any CPU.Build.0 = Release|Any CPU
		{08A00338-94AF-44F1-B5E2-2E60533F67D4}.Debug|Any CPU.ActiveCfg = Debug|Any CPU
		{08A00338-94AF-44F1-B5E2-2E60533F67D4}.Debug|Any CPU.Build.0 = Debug|Any CPU
		{08A00338-94AF-44F1-B5E2-2E60533F67D4}.Release|Any CPU.ActiveCfg = Release|Any CPU
		{08A00338-94AF-44F1-B5E2-2E60533F67D4}.Release|Any CPU.Build.0 = Release|Any CPU
	EndGlobalSection
	GlobalSection(SolutionProperties) = preSolution
		HideSolutionNode = FALSE
	EndGlobalSection
	GlobalSection(ExtensibilityGlobals) = postSolution
		SolutionGuid = {723196FA-ADEC-4B79-962D-7D59558CF7A8}
	EndGlobalSection
EndGlobal
